
Microsoft Visual Studio Solution File, Format Version 12.00
# Visual Studio Version 17
VisualStudioVersion = 17.9.34714.143
MinimumVisualStudioVersion = 10.0.40219.1
Project("{9A19103F-16F7-4668-BE54-9A1E7A4F7556}") = "Blog2", "Blog2\Blog2.csproj", "{36F26A4E-12EC-4BB6-9698-DF0EF4CE03AA}"
EndProject
Project("{FAE04EC0-301F-11D3-BF4B-00C04F79EFBC}") = "Blog2.API", "Blog2.API\Blog2.API.csproj", "{4CA79206-977D-40AA-B65B-AE717505A4A8}"
EndProject
Global
	GlobalSection(SolutionConfigurationPlatforms) = preSolution
		Debug|Any CPU = Debug|Any CPU
		Release|Any CPU = Release|Any CPU
	EndGlobalSection
	GlobalSection(ProjectConfigurationPlatforms) = postSolution
		{36F26A4E-12EC-4BB6-9698-DF0EF4CE03AA}.Debug|Any CPU.ActiveCfg = Debug|Any CPU
		{36F26A4E-12EC-4BB6-9698-DF0EF4CE03AA}.Debug|Any CPU.Build.0 = Debug|Any CPU
		{36F26A4E-12EC-4BB6-9698-DF0EF4CE03AA}.Release|Any CPU.ActiveCfg = Release|Any CPU
		{36F26A4E-12EC-4BB6-9698-DF0EF4CE03AA}.Release|Any CPU.Build.0 = Release|Any CPU
		{4CA79206-977D-40AA-B65B-AE717505A4A8}.Debug|Any CPU.ActiveCfg = Debug|Any CPU
		{4CA79206-977D-40AA-B65B-AE717505A4A8}.Debug|Any CPU.Build.0 = Debug|Any CPU
		{4CA79206-977D-40AA-B65B-AE717505A4A8}.Release|Any CPU.ActiveCfg = Release|Any CPU
		{4CA79206-977D-40AA-B65B-AE717505A4A8}.Release|Any CPU.Build.0 = Release|Any CPU
	EndGlobalSection
	GlobalSection(SolutionProperties) = preSolution
		HideSolutionNode = FALSE
	EndGlobalSection
	GlobalSection(ExtensibilityGlobals) = postSolution
		SolutionGuid = {4D534AFD-DCD1-4C1B-8867-A8ADE5A5A84C}
	EndGlobalSection
EndGlobal
